
Microsoft Visual Studio Solution File, Format Version 12.00
# Visual Studio Version 17
VisualStudioVersion = 17.8.34511.84
MinimumVisualStudioVersion = 10.0.40219.1
Project("{FAE04EC0-301F-11D3-BF4B-00C04F79EFBC}") = "signalrDemo", "signalrDemo\signalrDemo.csproj", "{6D0994DB-26FD-44FB-A7B6-314FFE517BEB}"
EndProject
Global
	GlobalSection(SolutionConfigurationPlatforms) = preSolution
		Debug|Any CPU = Debug|Any CPU
		Release|Any CPU = Release|Any CPU
	EndGlobalSection
	GlobalSection(ProjectConfigurationPlatforms) = postSolution
		{6D0994DB-26FD-44FB-A7B6-314FFE517BEB}.Debug|Any CPU.ActiveCfg = Debug|Any CPU
		{6D0994DB-26FD-44FB-A7B6-314FFE517BEB}.Debug|Any CPU.Build.0 = Debug|Any CPU
		{6D0994DB-26FD-44FB-A7B6-314FFE517BEB}.Release|Any CPU.ActiveCfg = Release|Any CPU
		{6D0994DB-26FD-44FB-A7B6-314FFE517BEB}.Release|Any CPU.Build.0 = Release|Any CPU
	EndGlobalSection
	GlobalSection(SolutionProperties) = preSolution
		HideSolutionNode = FALSE
	EndGlobalSection
	GlobalSection(ExtensibilityGlobals) = postSolution
		SolutionGuid = {04A62F13-BF38-454E-A9DC-CEBAC9051729}
	EndGlobalSection
EndGlobal
